PODS:
  - facial_liveness_detection_flutter_plugin (1.2.0):
    - Flutter
  - Flutter (1.0.0)

DEPENDENCIES:
  - facial_liveness_detection_flutter_plugin (from `.symlinks/plugins/facial_liveness_detection_flutter_plugin/ios`)
  - Flutter (from `Flutter`)

EXTERNAL SOURCES:
  facial_liveness_detection_flutter_plugin:
    :path: ".symlinks/plugins/facial_liveness_detection_flutter_plugin/ios"
  Flutter:
    :path: Flutter

SPEC CHECKSUMS:
  facial_liveness_detection_flutter_plugin: ddd6f2d9c78ed31ac4fe5b3bc1dac811dd5decb5
  Flutter: 50d75fe2f02b26cc09d224853bb45737f8b3214a

PODFILE CHECKSUM: e4991eee8dccdf06887fff596bdba409efeeeddb

COCOAPODS: 1.9.3
